
Microsoft Visual Studio Solution File, Format Version 12.00
# Visual Studio Version 17
VisualStudioVersion = 17.12.35424.110
MinimumVisualStudioVersion = 10.0.40219.1
Project("{8BC9CEB8-8B4A-11D0-8D11-00A0C91BC942}") = "Task1.1", "LAB3\LAB3.vcxproj", "{C34C8B09-D8FF-4706-9920-2BB574CDAD86}"
EndProject
Project("{8BC9CEB8-8B4A-11D0-8D11-00A0C91BC942}") = "Task1.2", "Task1.2\Task1.2.vcxproj", "{C6EA1ADA-D358-466D-8A79-285A14989403}"
EndProject
Project("{8BC9CEB8-8B4A-11D0-8D11-00A0C91BC942}") = "DopTask2.1", "DopTask2.1\DopTask2.1.vcxproj", "{17A5B58A-CDED-43B6-B9AD-24B822D51B31}"
EndProject
Project("{8BC9CEB8-8B4A-11D0-8D11-00A0C91BC942}") = "DopTask2.2", "DopTask2.2\DopTask2.2.vcxproj", "{AEE63FB3-3203-4937-8553-EEC66AF5F7A9}"
EndProject
Project("{8BC9CEB8-8B4A-11D0-8D11-00A0C91BC942}") = "DopTask1.1", "DopTask1.1\DopTask1.1.vcxproj", "{97DE9CA2-B4F3-42E8-BA9D-77B34C576B26}"
EndProject
Project("{8BC9CEB8-8B4A-11D0-8D11-00A0C91BC942}") = "DopTask1.2", "DopTask1.2\DopTask1.2.vcxproj", "{03F9A0B9-6BBF-4B48-85B6-24C39EC6AEE9}"
EndProject
Project("{8BC9CEB8-8B4A-11D0-8D11-00A0C91BC942}") = "DopTask3.1", "DopTask3.1\DopTask3.1.vcxproj", "{48AD4FF1-88A7-4B8A-AF14-7C047DEB844A}"
EndProject
Project("{8BC9CEB8-8B4A-11D0-8D11-00A0C91BC942}") = "DopTask3.2", "DopTask3.2\DopTask3.2.vcxproj", "{020293FB-66C4-4372-B50E-777D5D0C9129}"
EndProject
Global
	GlobalSection(SolutionConfigurationPlatforms) = preSolution
		Debug|x64 = Debug|x64
		Debug|x86 = Debug|x86
		Release|x64 = Release|x64
		Release|x86 = Release|x86
	EndGlobalSection
	GlobalSection(ProjectConfigurationPlatforms) = postSolution
		{C34C8B09-D8FF-4706-9920-2BB574CDAD86}.Debug|x64.ActiveCfg = Debug|x64
		{C34C8B09-D8FF-4706-9920-2BB574CDAD86}.Debug|x64.Build.0 = Debug|x64
		{C34C8B09-D8FF-4706-9920-2BB574CDAD86}.Debug|x86.ActiveCfg = Debug|Win32
		{C34C8B09-D8FF-4706-9920-2BB574CDAD86}.Debug|x86.Build.0 = Debug|Win32
		{C34C8B09-D8FF-4706-9920-2BB574CDAD86}.Release|x64.ActiveCfg = Release|x64
		{C34C8B09-D8FF-4706-9920-2BB574CDAD86}.Release|x64.Build.0 = Release|x64
		{C34C8B09-D8FF-4706-9920-2BB574CDAD86}.Release|x86.ActiveCfg = Release|Win32
		{C34C8B09-D8FF-4706-9920-2BB574CDAD86}.Release|x86.Build.0 = Release|Win32
		{C6EA1ADA-D358-466D-8A79-285A14989403}.Debug|x64.ActiveCfg = Debug|x64
		{C6EA1ADA-D358-466D-8A79-285A14989403}.Debug|x64.Build.0 = Debug|x64
		{C6EA1ADA-D358-466D-8A79-285A14989403}.Debug|x86.ActiveCfg = Debug|Win32
		{C6EA1ADA-D358-466D-8A79-285A14989403}.Debug|x86.Build.0 = Debug|Win32
		{C6EA1ADA-D358-466D-8A79-285A14989403}.Release|x64.ActiveCfg = Release|x64
		{C6EA1ADA-D358-466D-8A79-285A14989403}.Release|x64.Build.0 = Release|x64
		{C6EA1ADA-D358-466D-8A79-285A14989403}.Release|x86.ActiveCfg = Release|Win32
		{C6EA1ADA-D358-466D-8A79-285A14989403}.Release|x86.Build.0 = Release|Win32
		{17A5B58A-CDED-43B6-B9AD-24B822D51B31}.Debug|x64.ActiveCfg = Debug|x64
		{17A5B58A-CDED-43B6-B9AD-24B822D51B31}.Debug|x64.Build.0 = Debug|x64
		{17A5B58A-CDED-43B6-B9AD-24B822D51B31}.Debug|x86.ActiveCfg = Debug|Win32
		{17A5B58A-CDED-43B6-B9AD-24B822D51B31}.Debug|x86.Build.0 = Debug|Win32
		{17A5B58A-CDED-43B6-B9AD-24B822D51B31}.Release|x64.ActiveCfg = Release|x64
		{17A5B58A-CDED-43B6-B9AD-24B822D51B31}.Release|x64.Build.0 = Release|x64
		{17A5B58A-CDED-43B6-B9AD-24B822D51B31}.Release|x86.ActiveCfg = Release|Win32
		{17A5B58A-CDED-43B6-B9AD-24B822D51B31}.Release|x86.Build.0 = Release|Win32
		{AEE63FB3-3203-4937-8553-EEC66AF5F7A9}.Debug|x64.ActiveCfg = Debug|x64
		{AEE63FB3-3203-4937-8553-EEC66AF5F7A9}.Debug|x64.Build.0 = Debug|x64
		{AEE63FB3-3203-4937-8553-EEC66AF5F7A9}.Debug|x86.ActiveCfg = Debug|Win32
		{AEE63FB3-3203-4937-8553-EEC66AF5F7A9}.Debug|x86.Build.0 = Debug|Win32
		{AEE63FB3-3203-4937-8553-EEC66AF5F7A9}.Release|x64.ActiveCfg = Release|x64
		{AEE63FB3-3203-4937-8553-EEC66AF5F7A9}.Release|x64.Build.0 = Release|x64
		{AEE63FB3-3203-4937-8553-EEC66AF5F7A9}.Release|x86.ActiveCfg = Release|Win32
		{AEE63FB3-3203-4937-8553-EEC66AF5F7A9}.Release|x86.Build.0 = Release|Win32
		{97DE9CA2-B4F3-42E8-BA9D-77B34C576B26}.Debug|x64.ActiveCfg = Debug|x64
		{97DE9CA2-B4F3-42E8-BA9D-77B34C576B26}.Debug|x64.Build.0 = Debug|x64
		{97DE9CA2-B4F3-42E8-BA9D-77B34C576B26}.Debug|x86.ActiveCfg = Debug|Win32
		{97DE9CA2-B4F3-42E8-BA9D-77B34C576B26}.Debug|x86.Build.0 = Debug|Win32
		{97DE9CA2-B4F3-42E8-BA9D-77B34C576B26}.Release|x64.ActiveCfg = Release|x64
		{97DE9CA2-B4F3-42E8-BA9D-77B34C576B26}.Release|x64.Build.0 = Release|x64
		{97DE9CA2-B4F3-42E8-BA9D-77B34C576B26}.Release|x86.ActiveCfg = Release|Win32
		{97DE9CA2-B4F3-42E8-BA9D-77B34C576B26}.Release|x86.Build.0 = Release|Win32
		{03F9A0B9-6BBF-4B48-85B6-24C39EC6AEE9}.Debug|x64.ActiveCfg = Debug|x64
		{03F9A0B9-6BBF-4B48-85B6-24C39EC6AEE9}.Debug|x64.Build.0 = Debug|x64
		{03F9A0B9-6BBF-4B48-85B6-24C39EC6AEE9}.Debug|x86.ActiveCfg = Debug|Win32
		{03F9A0B9-6BBF-4B48-85B6-24C39EC6AEE9}.Debug|x86.Build.0 = Debug|Win32
		{03F9A0B9-6BBF-4B48-85B6-24C39EC6AEE9}.Release|x64.ActiveCfg = Release|x64
		{03F9A0B9-6BBF-4B48-85B6-24C39EC6AEE9}.Release|x64.Build.0 = Release|x64
		{03F9A0B9-6BBF-4B48-85B6-24C39EC6AEE9}.Release|x86.ActiveCfg = Release|Win32
		{03F9A0B9-6BBF-4B48-85B6-24C39EC6AEE9}.Release|x86.Build.0 = Release|Win32
		{48AD4FF1-88A7-4B8A-AF14-7C047DEB844A}.Debug|x64.ActiveCfg = Debug|x64
		{48AD4FF1-88A7-4B8A-AF14-7C047DEB844A}.Debug|x64.Build.0 = Debug|x64
		{48AD4FF1-88A7-4B8A-AF14-7C047DEB844A}.Debug|x86.ActiveCfg = Debug|Win32
		{48AD4FF1-88A7-4B8A-AF14-7C047DEB844A}.Debug|x86.Build.0 = Debug|Win32
		{48AD4FF1-88A7-4B8A-AF14-7C047DEB844A}.Release|x64.ActiveCfg = Release|x64
		{48AD4FF1-88A7-4B8A-AF14-7C047DEB844A}.Release|x64.Build.0 = Release|x64
		{48AD4FF1-88A7-4B8A-AF14-7C047DEB844A}.Release|x86.ActiveCfg = Release|Win32
		{48AD4FF1-88A7-4B8A-AF14-7C047DEB844A}.Release|x86.Build.0 = Release|Win32
		{020293FB-66C4-4372-B50E-777D5D0C9129}.Debug|x64.ActiveCfg = Debug|x64
		{020293FB-66C4-4372-B50E-777D5D0C9129}.Debug|x64.Build.0 = Debug|x64
		{020293FB-66C4-4372-B50E-777D5D0C9129}.Debug|x86.ActiveCfg = Debug|Win32
		{020293FB-66C4-4372-B50E-777D5D0C9129}.Debug|x86.Build.0 = Debug|Win32
		{020293FB-66C4-4372-B50E-777D5D0C9129}.Release|x64.ActiveCfg = Release|x64
		{020293FB-66C4-4372-B50E-777D5D0C9129}.Release|x64.Build.0 = Release|x64
		{020293FB-66C4-4372-B50E-777D5D0C9129}.Release|x86.ActiveCfg = Release|Win32
		{020293FB-66C4-4372-B50E-777D5D0C9129}.Release|x86.Build.0 = Release|Win32
	EndGlobalSection
	GlobalSection(SolutionProperties) = preSolution
		HideSolutionNode = FALSE
	EndGlobalSection
EndGlobal
