
Microsoft Visual Studio Solution File, Format Version 12.00
# Visual Studio Version 17
VisualStudioVersion = 17.12.35424.110
MinimumVisualStudioVersion = 10.0.40219.1
Project("{8BC9CEB8-8B4A-11D0-8D11-00A0C91BC942}") = "Task1", "Task1\Task1.vcxproj", "{1ED9FCB5-62CA-45F6-83EB-08E0C4554884}"
EndProject
Project("{8BC9CEB8-8B4A-11D0-8D11-00A0C91BC942}") = "Task2", "Task2\Task2.vcxproj", "{33B59385-F59E-490C-8093-792C3FF55C6F}"
EndProject
Project("{8BC9CEB8-8B4A-11D0-8D11-00A0C91BC942}") = "Task3", "Task3\Task3.vcxproj", "{2D84B953-F2FB-435C-9E9E-F2DDB9858B00}"
EndProject
Project("{8BC9CEB8-8B4A-11D0-8D11-00A0C91BC942}") = "Task4", "Task4\Task4.vcxproj", "{DD39F7D6-415E-471B-94CC-B4A9EB68635A}"
EndProject
Project("{8BC9CEB8-8B4A-11D0-8D11-00A0C91BC942}") = "Task5", "Task5\Task5.vcxproj", "{162BCFF1-3B1B-4DB5-A4C9-528861E50C40}"
EndProject
Project("{8BC9CEB8-8B4A-11D0-8D11-00A0C91BC942}") = "DopTask1", "DopTask1\DopTask1.vcxproj", "{1E37A5D5-6EC9-4F2D-A407-11573782619D}"
EndProject
Project("{8BC9CEB8-8B4A-11D0-8D11-00A0C91BC942}") = "DopTask1.2", "DopTask1.2\DopTask1.2.vcxproj", "{9EDCBFFE-E8E3-4A6F-84F8-01F35BC61A4D}"
EndProject
Project("{8BC9CEB8-8B4A-11D0-8D11-00A0C91BC942}") = "Task5.2", "Task5.2\Task5.2.vcxproj", "{5AEA07C0-4EEE-427F-AB2E-2F8EF316DD27}"
EndProject
Project("{8BC9CEB8-8B4A-11D0-8D11-00A0C91BC942}") = "DopTask2", "DopTask2\DopTask2.vcxproj", "{6C4C6DFC-AC5D-4CE1-A91A-85B01063850A}"
EndProject
Project("{8BC9CEB8-8B4A-11D0-8D11-00A0C91BC942}") = "DopTask2.2", "DopTask2.2\DopTask2.2.vcxproj", "{89906FE8-4387-495E-B460-BAD868C16351}"
EndProject
Project("{8BC9CEB8-8B4A-11D0-8D11-00A0C91BC942}") = "DopTask3", "DopTask3\DopTask3.vcxproj", "{0B9424F7-B7CD-4B6D-915B-E591FD48F724}"
EndProject
Project("{8BC9CEB8-8B4A-11D0-8D11-00A0C91BC942}") = "DopTask3.2", "DopTask3.2\DopTask3.2.vcxproj", "{0DC34AFC-EB0C-4DE3-8730-12842D01694A}"
EndProject
Global
	GlobalSection(SolutionConfigurationPlatforms) = preSolution
		Debug|x64 = Debug|x64
		Debug|x86 = Debug|x86
		Release|x64 = Release|x64
		Release|x86 = Release|x86
	EndGlobalSection
	GlobalSection(ProjectConfigurationPlatforms) = postSolution
		{1ED9FCB5-62CA-45F6-83EB-08E0C4554884}.Debug|x64.ActiveCfg = Debug|x64
		{1ED9FCB5-62CA-45F6-83EB-08E0C4554884}.Debug|x64.Build.0 = Debug|x64
		{1ED9FCB5-62CA-45F6-83EB-08E0C4554884}.Debug|x86.ActiveCfg = Debug|Win32
		{1ED9FCB5-62CA-45F6-83EB-08E0C4554884}.Debug|x86.Build.0 = Debug|Win32
		{1ED9FCB5-62CA-45F6-83EB-08E0C4554884}.Release|x64.ActiveCfg = Release|x64
		{1ED9FCB5-62CA-45F6-83EB-08E0C4554884}.Release|x64.Build.0 = Release|x64
		{1ED9FCB5-62CA-45F6-83EB-08E0C4554884}.Release|x86.ActiveCfg = Release|Win32
		{1ED9FCB5-62CA-45F6-83EB-08E0C4554884}.Release|x86.Build.0 = Release|Win32
		{33B59385-F59E-490C-8093-792C3FF55C6F}.Debug|x64.ActiveCfg = Debug|x64
		{33B59385-F59E-490C-8093-792C3FF55C6F}.Debug|x64.Build.0 = Debug|x64
		{33B59385-F59E-490C-8093-792C3FF55C6F}.Debug|x86.ActiveCfg = Debug|Win32
		{33B59385-F59E-490C-8093-792C3FF55C6F}.Debug|x86.Build.0 = Debug|Win32
		{33B59385-F59E-490C-8093-792C3FF55C6F}.Release|x64.ActiveCfg = Release|x64
		{33B59385-F59E-490C-8093-792C3FF55C6F}.Release|x64.Build.0 = Release|x64
		{33B59385-F59E-490C-8093-792C3FF55C6F}.Release|x86.ActiveCfg = Release|Win32
		{33B59385-F59E-490C-8093-792C3FF55C6F}.Release|x86.Build.0 = Release|Win32
		{2D84B953-F2FB-435C-9E9E-F2DDB9858B00}.Debug|x64.ActiveCfg = Debug|x64
		{2D84B953-F2FB-435C-9E9E-F2DDB9858B00}.Debug|x64.Build.0 = Debug|x64
		{2D84B953-F2FB-435C-9E9E-F2DDB9858B00}.Debug|x86.ActiveCfg = Debug|Win32
		{2D84B953-F2FB-435C-9E9E-F2DDB9858B00}.Debug|x86.Build.0 = Debug|Win32
		{2D84B953-F2FB-435C-9E9E-F2DDB9858B00}.Release|x64.ActiveCfg = Release|x64
		{2D84B953-F2FB-435C-9E9E-F2DDB9858B00}.Release|x64.Build.0 = Release|x64
		{2D84B953-F2FB-435C-9E9E-F2DDB9858B00}.Release|x86.ActiveCfg = Release|Win32
		{2D84B953-F2FB-435C-9E9E-F2DDB9858B00}.Release|x86.Build.0 = Release|Win32
		{DD39F7D6-415E-471B-94CC-B4A9EB68635A}.Debug|x64.ActiveCfg = Debug|x64
		{DD39F7D6-415E-471B-94CC-B4A9EB68635A}.Debug|x64.Build.0 = Debug|x64
		{DD39F7D6-415E-471B-94CC-B4A9EB68635A}.Debug|x86.ActiveCfg = Debug|Win32
		{DD39F7D6-415E-471B-94CC-B4A9EB68635A}.Debug|x86.Build.0 = Debug|Win32
		{DD39F7D6-415E-471B-94CC-B4A9EB68635A}.Release|x64.ActiveCfg = Release|x64
		{DD39F7D6-415E-471B-94CC-B4A9EB68635A}.Release|x64.Build.0 = Release|x64
		{DD39F7D6-415E-471B-94CC-B4A9EB68635A}.Release|x86.ActiveCfg = Release|Win32
		{DD39F7D6-415E-471B-94CC-B4A9EB68635A}.Release|x86.Build.0 = Release|Win32
		{162BCFF1-3B1B-4DB5-A4C9-528861E50C40}.Debug|x64.ActiveCfg = Debug|x64
		{162BCFF1-3B1B-4DB5-A4C9-528861E50C40}.Debug|x64.Build.0 = Debug|x64
		{162BCFF1-3B1B-4DB5-A4C9-528861E50C40}.Debug|x86.ActiveCfg = Debug|Win32
		{162BCFF1-3B1B-4DB5-A4C9-528861E50C40}.Debug|x86.Build.0 = Debug|Win32
		{162BCFF1-3B1B-4DB5-A4C9-528861E50C40}.Release|x64.ActiveCfg = Release|x64
		{162BCFF1-3B1B-4DB5-A4C9-528861E50C40}.Release|x64.Build.0 = Release|x64
		{162BCFF1-3B1B-4DB5-A4C9-528861E50C40}.Release|x86.ActiveCfg = Release|Win32
		{162BCFF1-3B1B-4DB5-A4C9-528861E50C40}.Release|x86.Build.0 = Release|Win32
		{1E37A5D5-6EC9-4F2D-A407-11573782619D}.Debug|x64.ActiveCfg = Debug|x64
		{1E37A5D5-6EC9-4F2D-A407-11573782619D}.Debug|x64.Build.0 = Debug|x64
		{1E37A5D5-6EC9-4F2D-A407-11573782619D}.Debug|x86.ActiveCfg = Debug|Win32
		{1E37A5D5-6EC9-4F2D-A407-11573782619D}.Debug|x86.Build.0 = Debug|Win32
		{1E37A5D5-6EC9-4F2D-A407-11573782619D}.Release|x64.ActiveCfg = Release|x64
		{1E37A5D5-6EC9-4F2D-A407-11573782619D}.Release|x64.Build.0 = Release|x64
		{1E37A5D5-6EC9-4F2D-A407-11573782619D}.Release|x86.ActiveCfg = Release|Win32
		{1E37A5D5-6EC9-4F2D-A407-11573782619D}.Release|x86.Build.0 = Release|Win32
		{9EDCBFFE-E8E3-4A6F-84F8-01F35BC61A4D}.Debug|x64.ActiveCfg = Debug|x64
		{9EDCBFFE-E8E3-4A6F-84F8-01F35BC61A4D}.Debug|x64.Build.0 = Debug|x64
		{9EDCBFFE-E8E3-4A6F-84F8-01F35BC61A4D}.Debug|x86.ActiveCfg = Debug|Win32
		{9EDCBFFE-E8E3-4A6F-84F8-01F35BC61A4D}.Debug|x86.Build.0 = Debug|Win32
		{9EDCBFFE-E8E3-4A6F-84F8-01F35BC61A4D}.Release|x64.ActiveCfg = Release|x64
		{9EDCBFFE-E8E3-4A6F-84F8-01F35BC61A4D}.Release|x64.Build.0 = Release|x64
		{9EDCBFFE-E8E3-4A6F-84F8-01F35BC61A4D}.Release|x86.ActiveCfg = Release|Win32
		{9EDCBFFE-E8E3-4A6F-84F8-01F35BC61A4D}.Release|x86.Build.0 = Release|Win32
		{5AEA07C0-4EEE-427F-AB2E-2F8EF316DD27}.Debug|x64.ActiveCfg = Debug|x64
		{5AEA07C0-4EEE-427F-AB2E-2F8EF316DD27}.Debug|x64.Build.0 = Debug|x64
		{5AEA07C0-4EEE-427F-AB2E-2F8EF316DD27}.Debug|x86.ActiveCfg = Debug|Win32
		{5AEA07C0-4EEE-427F-AB2E-2F8EF316DD27}.Debug|x86.Build.0 = Debug|Win32
		{5AEA07C0-4EEE-427F-AB2E-2F8EF316DD27}.Release|x64.ActiveCfg = Release|x64
		{5AEA07C0-4EEE-427F-AB2E-2F8EF316DD27}.Release|x64.Build.0 = Release|x64
		{5AEA07C0-4EEE-427F-AB2E-2F8EF316DD27}.Release|x86.ActiveCfg = Release|Win32
		{5AEA07C0-4EEE-427F-AB2E-2F8EF316DD27}.Release|x86.Build.0 = Release|Win32
		{6C4C6DFC-AC5D-4CE1-A91A-85B01063850A}.Debug|x64.ActiveCfg = Debug|x64
		{6C4C6DFC-AC5D-4CE1-A91A-85B01063850A}.Debug|x64.Build.0 = Debug|x64
		{6C4C6DFC-AC5D-4CE1-A91A-85B01063850A}.Debug|x86.ActiveCfg = Debug|Win32
		{6C4C6DFC-AC5D-4CE1-A91A-85B01063850A}.Debug|x86.Build.0 = Debug|Win32
		{6C4C6DFC-AC5D-4CE1-A91A-85B01063850A}.Release|x64.ActiveCfg = Release|x64
		{6C4C6DFC-AC5D-4CE1-A91A-85B01063850A}.Release|x64.Build.0 = Release|x64
		{6C4C6DFC-AC5D-4CE1-A91A-85B01063850A}.Release|x86.ActiveCfg = Release|Win32
		{6C4C6DFC-AC5D-4CE1-A91A-85B01063850A}.Release|x86.Build.0 = Release|Win32
		{89906FE8-4387-495E-B460-BAD868C16351}.Debug|x64.ActiveCfg = Debug|x64
		{89906FE8-4387-495E-B460-BAD868C16351}.Debug|x64.Build.0 = Debug|x64
		{89906FE8-4387-495E-B460-BAD868C16351}.Debug|x86.ActiveCfg = Debug|Win32
		{89906FE8-4387-495E-B460-BAD868C16351}.Debug|x86.Build.0 = Debug|Win32
		{89906FE8-4387-495E-B460-BAD868C16351}.Release|x64.ActiveCfg = Release|x64
		{89906FE8-4387-495E-B460-BAD868C16351}.Release|x64.Build.0 = Release|x64
		{89906FE8-4387-495E-B460-BAD868C16351}.Release|x86.ActiveCfg = Release|Win32
		{89906FE8-4387-495E-B460-BAD868C16351}.Release|x86.Build.0 = Release|Win32
		{0B9424F7-B7CD-4B6D-915B-E591FD48F724}.Debug|x64.ActiveCfg = Debug|x64
		{0B9424F7-B7CD-4B6D-915B-E591FD48F724}.Debug|x64.Build.0 = Debug|x64
		{0B9424F7-B7CD-4B6D-915B-E591FD48F724}.Debug|x86.ActiveCfg = Debug|Win32
		{0B9424F7-B7CD-4B6D-915B-E591FD48F724}.Debug|x86.Build.0 = Debug|Win32
		{0B9424F7-B7CD-4B6D-915B-E591FD48F724}.Release|x64.ActiveCfg = Release|x64
		{0B9424F7-B7CD-4B6D-915B-E591FD48F724}.Release|x64.Build.0 = Release|x64
		{0B9424F7-B7CD-4B6D-915B-E591FD48F724}.Release|x86.ActiveCfg = Release|Win32
		{0B9424F7-B7CD-4B6D-915B-E591FD48F724}.Release|x86.Build.0 = Release|Win32
		{0DC34AFC-EB0C-4DE3-8730-12842D01694A}.Debug|x64.ActiveCfg = Debug|x64
		{0DC34AFC-EB0C-4DE3-8730-12842D01694A}.Debug|x64.Build.0 = Debug|x64
		{0DC34AFC-EB0C-4DE3-8730-12842D01694A}.Debug|x86.ActiveCfg = Debug|Win32
		{0DC34AFC-EB0C-4DE3-8730-12842D01694A}.Debug|x86.Build.0 = Debug|Win32
		{0DC34AFC-EB0C-4DE3-8730-12842D01694A}.Release|x64.ActiveCfg = Release|x64
		{0DC34AFC-EB0C-4DE3-8730-12842D01694A}.Release|x64.Build.0 = Release|x64
		{0DC34AFC-EB0C-4DE3-8730-12842D01694A}.Release|x86.ActiveCfg = Release|Win32
		{0DC34AFC-EB0C-4DE3-8730-12842D01694A}.Release|x86.Build.0 = Release|Win32
	EndGlobalSection
	GlobalSection(SolutionProperties) = preSolution
		HideSolutionNode = FALSE
	EndGlobalSection
EndGlobal
