
Microsoft Visual Studio Solution File, Format Version 12.00
# Visual Studio Version 17
VisualStudioVersion = 17.12.35424.110
MinimumVisualStudioVersion = 10.0.40219.1
Project("{8BC9CEB8-8B4A-11D0-8D11-00A0C91BC942}") = "Task1", "Task1\Task1.vcxproj", "{9FDC70ED-32FE-40B0-A9D6-0F35588247C7}"
EndProject
Project("{8BC9CEB8-8B4A-11D0-8D11-00A0C91BC942}") = "DopTask1", "DopTask1\DopTask1.vcxproj", "{6CBFB603-3A0A-44CC-A1FF-064A82884FE4}"
EndProject
Project("{8BC9CEB8-8B4A-11D0-8D11-00A0C91BC942}") = "DopTask2", "DopTask2\DopTask2.vcxproj", "{43D60726-4CEC-43F6-B8D4-04E26262094F}"
EndProject
Project("{8BC9CEB8-8B4A-11D0-8D11-00A0C91BC942}") = "DopTask3", "DopTask3\DopTask3.vcxproj", "{86FAF8C1-9666-49EC-8BBD-708A14196342}"
EndProject
Global
	GlobalSection(SolutionConfigurationPlatforms) = preSolution
		Debug|x64 = Debug|x64
		Debug|x86 = Debug|x86
		Release|x64 = Release|x64
		Release|x86 = Release|x86
	EndGlobalSection
	GlobalSection(ProjectConfigurationPlatforms) = postSolution
		{9FDC70ED-32FE-40B0-A9D6-0F35588247C7}.Debug|x64.ActiveCfg = Debug|x64
		{9FDC70ED-32FE-40B0-A9D6-0F35588247C7}.Debug|x64.Build.0 = Debug|x64
		{9FDC70ED-32FE-40B0-A9D6-0F35588247C7}.Debug|x86.ActiveCfg = Debug|Win32
		{9FDC70ED-32FE-40B0-A9D6-0F35588247C7}.Debug|x86.Build.0 = Debug|Win32
		{9FDC70ED-32FE-40B0-A9D6-0F35588247C7}.Release|x64.ActiveCfg = Release|x64
		{9FDC70ED-32FE-40B0-A9D6-0F35588247C7}.Release|x64.Build.0 = Release|x64
		{9FDC70ED-32FE-40B0-A9D6-0F35588247C7}.Release|x86.ActiveCfg = Release|Win32
		{9FDC70ED-32FE-40B0-A9D6-0F35588247C7}.Release|x86.Build.0 = Release|Win32
		{6CBFB603-3A0A-44CC-A1FF-064A82884FE4}.Debug|x64.ActiveCfg = Debug|x64
		{6CBFB603-3A0A-44CC-A1FF-064A82884FE4}.Debug|x64.Build.0 = Debug|x64
		{6CBFB603-3A0A-44CC-A1FF-064A82884FE4}.Debug|x86.ActiveCfg = Debug|Win32
		{6CBFB603-3A0A-44CC-A1FF-064A82884FE4}.Debug|x86.Build.0 = Debug|Win32
		{6CBFB603-3A0A-44CC-A1FF-064A82884FE4}.Release|x64.ActiveCfg = Release|x64
		{6CBFB603-3A0A-44CC-A1FF-064A82884FE4}.Release|x64.Build.0 = Release|x64
		{6CBFB603-3A0A-44CC-A1FF-064A82884FE4}.Release|x86.ActiveCfg = Release|Win32
		{6CBFB603-3A0A-44CC-A1FF-064A82884FE4}.Release|x86.Build.0 = Release|Win32
		{43D60726-4CEC-43F6-B8D4-04E26262094F}.Debug|x64.ActiveCfg = Debug|x64
		{43D60726-4CEC-43F6-B8D4-04E26262094F}.Debug|x64.Build.0 = Debug|x64
		{43D60726-4CEC-43F6-B8D4-04E26262094F}.Debug|x86.ActiveCfg = Debug|Win32
		{43D60726-4CEC-43F6-B8D4-04E26262094F}.Debug|x86.Build.0 = Debug|Win32
		{43D60726-4CEC-43F6-B8D4-04E26262094F}.Release|x64.ActiveCfg = Release|x64
		{43D60726-4CEC-43F6-B8D4-04E26262094F}.Release|x64.Build.0 = Release|x64
		{43D60726-4CEC-43F6-B8D4-04E26262094F}.Release|x86.ActiveCfg = Release|Win32
		{43D60726-4CEC-43F6-B8D4-04E26262094F}.Release|x86.Build.0 = Release|Win32
		{86FAF8C1-9666-49EC-8BBD-708A14196342}.Debug|x64.ActiveCfg = Debug|x64
		{86FAF8C1-9666-49EC-8BBD-708A14196342}.Debug|x64.Build.0 = Debug|x64
		{86FAF8C1-9666-49EC-8BBD-708A14196342}.Debug|x86.ActiveCfg = Debug|Win32
		{86FAF8C1-9666-49EC-8BBD-708A14196342}.Debug|x86.Build.0 = Debug|Win32
		{86FAF8C1-9666-49EC-8BBD-708A14196342}.Release|x64.ActiveCfg = Release|x64
		{86FAF8C1-9666-49EC-8BBD-708A14196342}.Release|x64.Build.0 = Release|x64
		{86FAF8C1-9666-49EC-8BBD-708A14196342}.Release|x86.ActiveCfg = Release|Win32
		{86FAF8C1-9666-49EC-8BBD-708A14196342}.Release|x86.Build.0 = Release|Win32
	EndGlobalSection
	GlobalSection(SolutionProperties) = preSolution
		HideSolutionNode = FALSE
	EndGlobalSection
EndGlobal
